
Microsoft Visual Studio Solution File, Format Version 12.00
# Visual Studio Version 17
VisualStudioVersion = 17.9.34728.123
MinimumVisualStudioVersion = 10.0.40219.1
Project("{FAE04EC0-301F-11D3-BF4B-00C04F79EFBC}") = "SignalRNotifyAPI", "SignalRNotifyAPI\SignalRNotifyAPI.csproj", "{69B5E26A-813B-4B2F-97D7-5250FA98F681}"
EndProject
Global
	GlobalSection(SolutionConfigurationPlatforms) = preSolution
		Debug|Any CPU = Debug|Any CPU
		Release|Any CPU = Release|Any CPU
	EndGlobalSection
	GlobalSection(ProjectConfigurationPlatforms) = postSolution
		{69B5E26A-813B-4B2F-97D7-5250FA98F681}.Debug|Any CPU.ActiveCfg = Debug|Any CPU
		{69B5E26A-813B-4B2F-97D7-5250FA98F681}.Debug|Any CPU.Build.0 = Debug|Any CPU
		{69B5E26A-813B-4B2F-97D7-5250FA98F681}.Release|Any CPU.ActiveCfg = Release|Any CPU
		{69B5E26A-813B-4B2F-97D7-5250FA98F681}.Release|Any CPU.Build.0 = Release|Any CPU
	EndGlobalSection
	GlobalSection(SolutionProperties) = preSolution
		HideSolutionNode = FALSE
	EndGlobalSection
	GlobalSection(ExtensibilityGlobals) = postSolution
		SolutionGuid = {225E0FBD-C290-4B56-864D-6DD2FE13BB91}
	EndGlobalSection
EndGlobal
