
Microsoft Visual Studio Solution File, Format Version 12.00
# Visual Studio Version 17
VisualStudioVersion = 17.9.34728.123
MinimumVisualStudioVersion = 10.0.40219.1
Project("{FAE04EC0-301F-11D3-BF4B-00C04F79EFBC}") = "SampleWebAPI", "SampleWebAPI\SampleWebAPI.csproj", "{A350481A-F9F5-41A3-98CA-30E86EFD0513}"
EndProject
Global
	GlobalSection(SolutionConfigurationPlatforms) = preSolution
		Debug|Any CPU = Debug|Any CPU
		Release|Any CPU = Release|Any CPU
	EndGlobalSection
	GlobalSection(ProjectConfigurationPlatforms) = postSolution
		{A350481A-F9F5-41A3-98CA-30E86EFD0513}.Debug|Any CPU.ActiveCfg = Debug|Any CPU
		{A350481A-F9F5-41A3-98CA-30E86EFD0513}.Debug|Any CPU.Build.0 = Debug|Any CPU
		{A350481A-F9F5-41A3-98CA-30E86EFD0513}.Release|Any CPU.ActiveCfg = Release|Any CPU
		{A350481A-F9F5-41A3-98CA-30E86EFD0513}.Release|Any CPU.Build.0 = Release|Any CPU
	EndGlobalSection
	GlobalSection(SolutionProperties) = preSolution
		HideSolutionNode = FALSE
	EndGlobalSection
	GlobalSection(ExtensibilityGlobals) = postSolution
		SolutionGuid = {C8A6D4E5-2A91-4302-899F-BFD98FE91D7C}
	EndGlobalSection
EndGlobal
