
Microsoft Visual Studio Solution File, Format Version 12.00
# Visual Studio Version 17
VisualStudioVersion = 17.9.34728.123
MinimumVisualStudioVersion = 10.0.40219.1
Project("{9A19103F-16F7-4668-BE54-9A1E7A4F7556}") = "SpinUpTemplateData", "SpinUpTemplateData.csproj", "{AD654F80-A64D-44BC-958A-8F737DF277A0}"
EndProject
Global
	GlobalSection(SolutionConfigurationPlatforms) = preSolution
		Debug|Any CPU = Debug|Any CPU
		Release|Any CPU = Release|Any CPU
	EndGlobalSection
	GlobalSection(ProjectConfigurationPlatforms) = postSolution
		{AD654F80-A64D-44BC-958A-8F737DF277A0}.Debug|Any CPU.ActiveCfg = Debug|Any CPU
		{AD654F80-A64D-44BC-958A-8F737DF277A0}.Debug|Any CPU.Build.0 = Debug|Any CPU
		{AD654F80-A64D-44BC-958A-8F737DF277A0}.Release|Any CPU.ActiveCfg = Release|Any CPU
		{AD654F80-A64D-44BC-958A-8F737DF277A0}.Release|Any CPU.Build.0 = Release|Any CPU
	EndGlobalSection
	GlobalSection(SolutionProperties) = preSolution
		HideSolutionNode = FALSE
	EndGlobalSection
	GlobalSection(ExtensibilityGlobals) = postSolution
		SolutionGuid = {BEE82F37-F1BA-4B24-B048-672B9C921BA4}
	EndGlobalSection
EndGlobal
